// !$*UTF8*$!
{
	archiveVersion = 1;
	classes = {
	};
	objectVersion = 46;
	objects = {

/* Begin PBXBuildFile section */
		217ACCC31D45EFB9004A3B8B /* main.m in Sources */ = {isa = PBXBuildFile; fileRef = 217ACCC21D45EFB9004A3B8B /* main.m */; };
		217ACCC61D45EFB9004A3B8B /* AppDelegate.m in Sources */ = {isa = PBXBuildFile; fileRef = 217ACCC51D45EFB9004A3B8B /* AppDelegate.m */; };
		217ACCC91D45EFB9004A3B8B /* ViewController.m in Sources */ = {isa = PBXBuildFile; fileRef = 217ACCC81D45EFB9004A3B8B /* ViewController.m */; };
		217ACCCC1D45EFB9004A3B8B /* Main.storyboard in Resources */ = {isa = PBXBuildFile; fileRef = 217ACCCA1D45EFB9004A3B8B /* Main.storyboard */; };
		217ACCCE1D45EFB9004A3B8B /* Assets.xcassets in Resources */ = {isa = PBXBuildFile; fileRef = 217ACCCD1D45EFB9004A3B8B /* Assets.xcassets */; };
		217ACCD11D45EFB9004A3B8B /* LaunchScreen.storyboard in Resources */ = {isa = PBXBuildFile; fileRef = 217ACCCF1D45EFB9004A3B8B /* LaunchScreen.storyboard */; };
		217ACCE31D45F0DC004A3B8B /* bt_next@2x.png in Resources */ = {isa = PBXBuildFile; fileRef = 217ACCDA1D45F0DC004A3B8B /* bt_next@2x.png */; };
		217ACCE41D45F0DC004A3B8B /* bt_previous@2x.png in Resources */ = {isa = PBXBuildFile; fileRef = 217ACCDB1D45F0DC004A3B8B /* bt_previous@2x.png */; };
		217ACCE51D45F0DC004A3B8B /* SZCalendarCell.m in Sources */ = {isa = PBXBuildFile; fileRef = 217ACCDD1D45F0DC004A3B8B /* SZCalendarCell.m */; };
		217ACCE61D45F0DC004A3B8B /* SZCalendarPicker.m in Sources */ = {isa = PBXBuildFile; fileRef = 217ACCDF1D45F0DC004A3B8B /* SZCalendarPicker.m */; };
		217ACCE71D45F0DC004A3B8B /* SZCalendarPicker.xib in Resources */ = {isa = PBXBuildFile; fileRef = 217ACCE01D45F0DC004A3B8B /* SZCalendarPicker.xib */; };
		217ACCE81D45F0DC004A3B8B /* UIColor+ZXLazy.m in Sources */ = {isa = PBXBuildFile; fileRef = 217ACCE21D45F0DC004A3B8B /* UIColor+ZXLazy.m */; };
/* End PBXBuildFile section */

/* Begin PBXFileReference section */
		217ACCBE1D45EFB9004A3B8B /* HZCalendarDemo.app */ = {isa = PBXFileReference; explicitFileType = wrapper.application; includeInIndex = 0; path = HZCalendarDemo.app; sourceTree = BUILT_PRODUCTS_DIR; };
		217ACCC21D45EFB9004A3B8B /* main.m */ = {isa = PBXFileReference; lastKnownFileType = sourcecode.c.objc; path = main.m; sourceTree = "<group>"; };
		217ACCC41D45EFB9004A3B8B /* AppDelegate.h */ = {isa = PBXFileReference; lastKnownFileType = sourcecode.c.h; path = AppDelegate.h; sourceTree = "<group>"; };
		217ACCC51D45EFB9004A3B8B /* AppDelegate.m */ = {isa = PBXFileReference; lastKnownFileType = sourcecode.c.objc; path = AppDelegate.m; sourceTree = "<group>"; };
		217ACCC71D45EFB9004A3B8B /* ViewController.h */ = {isa = PBXFileReference; lastKnownFileType = sourcecode.c.h; path = ViewController.h; sourceTree = "<group>"; };
		217ACCC81D45EFB9004A3B8B /* ViewController.m */ = {isa = PBXFileReference; lastKnownFileType = sourcecode.c.objc; path = ViewController.m; sourceTree = "<group>"; };
		217ACCCB1D45EFB9004A3B8B /* Base */ = {isa = PBXFileReference; lastKnownFileType = file.storyboard; name = Base; path = Base.lproj/Main.storyboard; sourceTree = "<group>"; };
		217ACCCD1D45EFB9004A3B8B /* Assets.xcassets */ = {isa = PBXFileReference; lastKnownFileType = folder.assetcatalog; path = Assets.xcassets; sourceTree = "<group>"; };
		217ACCD01D45EFB9004A3B8B /* Base */ = {isa = PBXFileReference; lastKnownFileType = file.storyboard; name = Base; path = Base.lproj/LaunchScreen.storyboard; sourceTree = "<group>"; };
		217ACCD21D45EFB9004A3B8B /* Info.plist */ = {isa = PBXFileReference; lastKnownFileType = text.plist.xml; path = Info.plist; sourceTree = "<group>"; };
		217ACCDA1D45F0DC004A3B8B /* bt_next@2x.png */ = {isa = PBXFileReference; lastKnownFileType = image.png; path = "bt_next@2x.png"; sourceTree = "<group>"; };
		217ACCDB1D45F0DC004A3B8B /* bt_previous@2x.png */ = {isa = PBXFileReference; lastKnownFileType = image.png; path = "bt_previous@2x.png"; sourceTree = "<group>"; };
		217ACCDC1D45F0DC004A3B8B /* SZCalendarCell.h */ = {isa = PBXFileReference; fileEncoding = 4; lastKnownFileType = sourcecode.c.h; path = SZCalendarCell.h; sourceTree = "<group>"; };
		217ACCDD1D45F0DC004A3B8B /* SZCalendarCell.m */ = {isa = PBXFileReference; fileEncoding = 4; lastKnownFileType = sourcecode.c.objc; path = SZCalendarCell.m; sourceTree = "<group>"; };
		217ACCDE1D45F0DC004A3B8B /* SZCalendarPicker.h */ = {isa = PBXFileReference; fileEncoding = 4; lastKnownFileType = sourcecode.c.h; path = SZCalendarPicker.h; sourceTree = "<group>"; };
		217ACCDF1D45F0DC004A3B8B /* SZCalendarPicker.m */ = {isa = PBXFileReference; fileEncoding = 4; lastKnownFileType = sourcecode.c.objc; path = SZCalendarPicker.m; sourceTree = "<group>"; };
		217ACCE01D45F0DC004A3B8B /* SZCalendarPicker.xib */ = {isa = PBXFileReference; fileEncoding = 4; lastKnownFileType = file.xib; path = SZCalendarPicker.xib; sourceTree = "<group>"; };
		217ACCE11D45F0DC004A3B8B /* UIColor+ZXLazy.h */ = {isa = PBXFileReference; fileEncoding = 4; lastKnownFileType = sourcecode.c.h; path = "UIColor+ZXLazy.h"; sourceTree = "<group>"; };
		217ACCE21D45F0DC004A3B8B /* UIColor+ZXLazy.m */ = {isa = PBXFileReference; fileEncoding = 4; lastKnownFileType = sourcecode.c.objc; path = "UIColor+ZXLazy.m"; sourceTree = "<group>"; };
/* End PBXFileReference section */

/* Begin PBXFrameworksBuildPhase section */
		217ACCBB1D45EFB9004A3B8B /* Frameworks */ = {
			isa = PBXFrameworksBuildPhase;
			buildActionMask = 2147483647;
			files = (
			);
			runOnlyForDeploymentPostprocessing = 0;
		};
/* End PBXFrameworksBuildPhase section */

/* Begin PBXGroup section */
		217ACCB51D45EFB9004A3B8B = {
			isa = PBXGroup;
			children = (
				217ACCC01D45EFB9004A3B8B /* HZCalendarDemo */,
				217ACCBF1D45EFB9004A3B8B /* Products */,
			);
			sourceTree = "<group>";
		};
		217ACCBF1D45EFB9004A3B8B /* Products */ = {
			isa = PBXGroup;
			children = (
				217ACCBE1D45EFB9004A3B8B /* HZCalendarDemo.app */,
			);
			name = Products;
			sourceTree = "<group>";
		};
		217ACCC01D45EFB9004A3B8B /* HZCalendarDemo */ = {
			isa = PBXGroup;
			children = (
				217ACCD81D45F0DC004A3B8B /* CalendarClass */,
				217ACCC41D45EFB9004A3B8B /* AppDelegate.h */,
				217ACCC51D45EFB9004A3B8B /* AppDelegate.m */,
				217ACCC71D45EFB9004A3B8B /* ViewController.h */,
				217ACCC81D45EFB9004A3B8B /* ViewController.m */,
				217ACCCA1D45EFB9004A3B8B /* Main.storyboard */,
				217ACCCD1D45EFB9004A3B8B /* Assets.xcassets */,
				217ACCCF1D45EFB9004A3B8B /* LaunchScreen.storyboard */,
				217ACCD21D45EFB9004A3B8B /* Info.plist */,
				217ACCC11D45EFB9004A3B8B /* Supporting Files */,
			);
			path = HZCalendarDemo;
			sourceTree = "<group>";
		};
		217ACCC11D45EFB9004A3B8B /* Supporting Files */ = {
			isa = PBXGroup;
			children = (
				217ACCC21D45EFB9004A3B8B /* main.m */,
			);
			name = "Supporting Files";
			sourceTree = "<group>";
		};
		217ACCD81D45F0DC004A3B8B /* CalendarClass */ = {
			isa = PBXGroup;
			children = (
				217ACCD91D45F0DC004A3B8B /* Resource */,
				217ACCDC1D45F0DC004A3B8B /* SZCalendarCell.h */,
				217ACCDD1D45F0DC004A3B8B /* SZCalendarCell.m */,
				217ACCDE1D45F0DC004A3B8B /* SZCalendarPicker.h */,
				217ACCDF1D45F0DC004A3B8B /* SZCalendarPicker.m */,
				217ACCE01D45F0DC004A3B8B /* SZCalendarPicker.xib */,
				217ACCE11D45F0DC004A3B8B /* UIColor+ZXLazy.h */,
				217ACCE21D45F0DC004A3B8B /* UIColor+ZXLazy.m */,
			);
			path = CalendarClass;
			sourceTree = "<group>";
		};
		217ACCD91D45F0DC004A3B8B /* Resource */ = {
			isa = PBXGroup;
			children = (
				217ACCDA1D45F0DC004A3B8B /* bt_next@2x.png */,
				217ACCDB1D45F0DC004A3B8B /* bt_previous@2x.png */,
			);
			path = Resource;
			sourceTree = "<group>";
		};
/* End PBXGroup section */

/* Begin PBXNativeTarget section */
		217ACCBD1D45EFB9004A3B8B /* HZCalendarDemo */ = {
			isa = PBXNativeTarget;
			buildConfigurationList = 217ACCD51D45EFB9004A3B8B /* Build configuration list for PBXNativeTarget "HZCalendarDemo" */;
			buildPhases = (
				217ACCBA1D45EFB9004A3B8B /* Sources */,
				217ACCBB1D45EFB9004A3B8B /* Frameworks */,
				217ACCBC1D45EFB9004A3B8B /* Resources */,
			);
			buildRules = (
			);
			dependencies = (
			);
			name = HZCalendarDemo;
			productName = HZCalendarDemo;
			productReference = 217ACCBE1D45EFB9004A3B8B /* HZCalendarDemo.app */;
			productType = "com.apple.product-type.application";
		};
/* End PBXNativeTarget section */

/* Begin PBXProject section */
		217ACCB61D45EFB9004A3B8B /* Project object */ = {
			isa = PBXProject;
			attributes = {
				LastUpgradeCheck = 0720;
				ORGANIZATIONNAME = eyaotech;
				TargetAttributes = {
					217ACCBD1D45EFB9004A3B8B = {
						CreatedOnToolsVersion = 7.2.1;
					};
				};
			};
			buildConfigurationList = 217ACCB91D45EFB9004A3B8B /* Build configuration list for PBXProject "HZCalendarDemo" */;
			compatibilityVersion = "Xcode 3.2";
			developmentRegion = English;
			hasScannedForEncodings = 0;
			knownRegions = (
				en,
				Base,
			);
			mainGroup = 217ACCB51D45EFB9004A3B8B;
			productRefGroup = 217ACCBF1D45EFB9004A3B8B /* Products */;
			projectDirPath = "";
			projectRoot = "";
			targets = (
				217ACCBD1D45EFB9004A3B8B /* HZCalendarDemo */,
			);
		};
/* End PBXProject section */

/* Begin PBXResourcesBuildPhase section */
		217ACCBC1D45EFB9004A3B8B /* Resources */ = {
			isa = PBXResourcesBuildPhase;
			buildActionMask = 2147483647;
			files = (
				217ACCE41D45F0DC004A3B8B /* bt_previous@2x.png in Resources */,
				217ACCD11D45EFB9004A3B8B /* LaunchScreen.storyboard in Resources */,
				217ACCCE1D45EFB9004A3B8B /* Assets.xcassets in Resources */,
				217ACCCC1D45EFB9004A3B8B /* Main.storyboard in Resources */,
				217ACCE71D45F0DC004A3B8B /* SZCalendarPicker.xib in Resources */,
				217ACCE31D45F0DC004A3B8B /* bt_next@2x.png in Resources */,
			);
			runOnlyForDeploymentPostprocessing = 0;
		};
/* End PBXResourcesBuildPhase section */

/* Begin PBXSourcesBuildPhase section */
		217ACCBA1D45EFB9004A3B8B /* Sources */ = {
			isa = PBXSourcesBuildPhase;
			buildActionMask = 2147483647;
			files = (
				217ACCE61D45F0DC004A3B8B /* SZCalendarPicker.m in Sources */,
				217ACCC91D45EFB9004A3B8B /* ViewController.m in Sources */,
				217ACCC61D45EFB9004A3B8B /* AppDelegate.m in Sources */,
				217ACCE81D45F0DC004A3B8B /* UIColor+ZXLazy.m in Sources */,
				217ACCE51D45F0DC004A3B8B /* SZCalendarCell.m in Sources */,
				217ACCC31D45EFB9004A3B8B /* main.m in Sources */,
			);
			runOnlyForDeploymentPostprocessing = 0;
		};
/* End PBXSourcesBuildPhase section */

/* Begin PBXVariantGroup section */
		217ACCCA1D45EFB9004A3B8B /* Main.storyboard */ = {
			isa = PBXVariantGroup;
			children = (
				217ACCCB1D45EFB9004A3B8B /* Base */,
			);
			name = Main.storyboard;
			sourceTree = "<group>";
		};
		217ACCCF1D45EFB9004A3B8B /* LaunchScreen.storyboard */ = {
			isa = PBXVariantGroup;
			children = (
				217ACCD01D45EFB9004A3B8B /* Base */,
			);
			name = LaunchScreen.storyboard;
			sourceTree = "<group>";
		};
/* End PBXVariantGroup section */

/* Begin XCBuildConfiguration section */
		217ACCD31D45EFB9004A3B8B /* Debug */ = {
			isa = XCBuildConfiguration;
			buildSettings = {
				ALWAYS_SEARCH_USER_PATHS = NO;
				CLANG_CXX_LANGUAGE_STANDARD = "gnu++0x";
				CLANG_CXX_LIBRARY = "libc++";
				CLANG_ENABLE_MODULES = YES;
				CLANG_ENABLE_OBJC_ARC = YES;
				CLANG_WARN_BOOL_CONVERSION = YES;
				CLANG_WARN_CONSTANT_CONVERSION = YES;
				CLANG_WARN_DIRECT_OBJC_ISA_USAGE = YES_ERROR;
				CLANG_WARN_EMPTY_BODY = YES;
				CLANG_WARN_ENUM_CONVERSION = YES;
				CLANG_WARN_INT_CONVERSION = YES;
				CLANG_WARN_OBJC_ROOT_CLASS = YES_ERROR;
				CLANG_WARN_UNREACHABLE_CODE = YES;
				CLANG_WARN__DUPLICATE_METHOD_MATCH = YES;
				"CODE_SIGN_IDENTITY[sdk=iphoneos*]" = "iPhone Developer";
				COPY_PHASE_STRIP = NO;
				DEBUG_INFORMATION_FORMAT = dwarf;
				ENABLE_STRICT_OBJC_MSGSEND = YES;
				ENABLE_TESTABILITY = YES;
				GCC_C_LANGUAGE_STANDARD = gnu99;
				GCC_DYNAMIC_NO_PIC = NO;
				GCC_NO_COMMON_BLOCKS = YES;
				GCC_OPTIMIZATION_LEVEL = 0;
				GCC_PREPROCESSOR_DEFINITIONS = (
					"DEBUG=1",
					"$(inherited)",
				);
				GCC_WARN_64_TO_32_BIT_CONVERSION = YES;
				GCC_WARN_ABOUT_RETURN_TYPE = YES_ERROR;
				GCC_WARN_UNDECLARED_SELECTOR = YES;
				GCC_WARN_UNINITIALIZED_AUTOS = YES_AGGRESSIVE;
				GCC_WARN_UNUSED_FUNCTION = YES;
				GCC_WARN_UNUSED_VARIABLE = YES;
				IPHONEOS_DEPLOYMENT_TARGET = 9.2;
				MTL_ENABLE_DEBUG_INFO = YES;
				ONLY_ACTIVE_ARCH = YES;
				SDKROOT = iphoneos;
			};
			name = Debug;
		};
		217ACCD41D45EFB9004A3B8B /* Release */ = {
			isa = XCBuildConfiguration;
			buildSettings = {
				ALWAYS_SEARCH_USER_PATHS = NO;
				CLANG_CXX_LANGUAGE_STANDARD = "gnu++0x";
				CLANG_CXX_LIBRARY = "libc++";
				CLANG_ENABLE_MODULES = YES;
				CLANG_ENABLE_OBJC_ARC = YES;
				CLANG_WARN_BOOL_CONVERSION = YES;
				CLANG_WARN_CONSTANT_CONVERSION = YES;
				CLANG_WARN_DIRECT_OBJC_ISA_USAGE = YES_ERROR;
				CLANG_WARN_EMPTY_BODY = YES;
				CLANG_WARN_ENUM_CONVERSION = YES;
				CLANG_WARN_INT_CONVERSION = YES;
				CLANG_WARN_OBJC_ROOT_CLASS = YES_ERROR;
				CLANG_WARN_UNREACHABLE_CODE = YES;
				CLANG_WARN__DUPLICATE_METHOD_MATCH = YES;
				"CODE_SIGN_IDENTITY[sdk=iphoneos*]" = "iPhone Developer";
				COPY_PHASE_STRIP = NO;
				DEBUG_INFORMATION_FORMAT = "dwarf-with-dsym";
				ENABLE_NS_ASSERTIONS = NO;
				ENABLE_STRICT_OBJC_MSGSEND = YES;
				GCC_C_LANGUAGE_STANDARD = gnu99;
				GCC_NO_COMMON_BLOCKS = YES;
				GCC_WARN_64_TO_32_BIT_CONVERSION = YES;
				GCC_WARN_ABOUT_RETURN_TYPE = YES_ERROR;
				GCC_WARN_UNDECLARED_SELECTOR = YES;
				GCC_WARN_UNINITIALIZED_AUTOS = YES_AGGRESSIVE;
				GCC_WARN_UNUSED_FUNCTION = YES;
				GCC_WARN_UNUSED_VARIABLE = YES;
				IPHONEOS_DEPLOYMENT_TARGET = 9.2;
				MTL_ENABLE_DEBUG_INFO = NO;
				SDKROOT = iphoneos;
				VALIDATE_PRODUCT = YES;
			};
			name = Release;
		};
		217ACCD61D45EFB9004A3B8B /* Debug */ = {
			isa = XCBuildConfiguration;
			buildSettings = {
				ASSETCATALOG_COMPILER_APPICON_NAME = AppIcon;
				INFOPLIST_FILE = HZCalendarDemo/Info.plist;
				LD_RUNPATH_SEARCH_PATHS = "$(inherited) @executable_path/Frameworks";
				PRODUCT_BUNDLE_IDENTIFIER = com.eyaotech.HZCalendarDemo;
				PRODUCT_NAME = "$(TARGET_NAME)";
			};
			name = Debug;
		};
		217ACCD71D45EFB9004A3B8B /* Release */ = {
			isa = XCBuildConfiguration;
			buildSettings = {
				ASSETCATALOG_COMPILER_APPICON_NAME = AppIcon;
				INFOPLIST_FILE = HZCalendarDemo/Info.plist;
				LD_RUNPATH_SEARCH_PATHS = "$(inherited) @executable_path/Frameworks";
				PRODUCT_BUNDLE_IDENTIFIER = com.eyaotech.HZCalendarDemo;
				PRODUCT_NAME = "$(TARGET_NAME)";
			};
			name = Release;
		};
/* End XCBuildConfiguration section */

/* Begin XCConfigurationList section */
		217ACCB91D45EFB9004A3B8B /* Build configuration list for PBXProject "HZCalendarDemo" */ = {
			isa = XCConfigurationList;
			buildConfigurations = (
				217ACCD31D45EFB9004A3B8B /* Debug */,
				217ACCD41D45EFB9004A3B8B /* Release */,
			);
			defaultConfigurationIsVisible = 0;
			defaultConfigurationName = Release;
		};
		217ACCD51D45EFB9004A3B8B /* Build configuration list for PBXNativeTarget "HZCalendarDemo" */ = {
			isa = XCConfigurationList;
			buildConfigurations = (
				217ACCD61D45EFB9004A3B8B /* Debug */,
				217ACCD71D45EFB9004A3B8B /* Release */,
			);
			defaultConfigurationIsVisible = 0;
			defaultConfigurationName = Release;
		};
/* End XCConfigurationList section */
	};
	rootObject = 217ACCB61D45EFB9004A3B8B /* Project object */;
}
